
Microsoft Visual Studio Solution File, Format Version 12.00
# Visual Studio Version 17
VisualStudioVersion = 17.5.33530.505
MinimumVisualStudioVersion = 10.0.40219.1
Project("{9A19103F-16F7-4668-BE54-9A1E7A4F7556}") = "WebShop.WebApi", "WebShop.WebApi\WebShop.WebApi.csproj", "{45F2924A-D906-44F7-877F-32794BEC29AF}"
EndProject
Project("{9A19103F-16F7-4668-BE54-9A1E7A4F7556}") = "WebShop.Client", "WebShop.Client\WebShop.Client.csproj", "{60F6CCB9-DB9B-40DF-8FB5-41CA9CA59E42}"
EndProject
Project("{9A19103F-16F7-4668-BE54-9A1E7A4F7556}") = "WebShop.DTO", "WebShop.DTO\WebShop.DTO.csproj", "{969F476F-BBDA-43D7-8B8A-39E2DDD36707}"
EndProject
Project("{9A19103F-16F7-4668-BE54-9A1E7A4F7556}") = "PSP.WebApi", "PSP.WebApi\PSP.WebApi.csproj", "{B9FB5F7B-E4A1-49A4-BDC5-AC37DB204058}"
EndProject
Project("{9A19103F-16F7-4668-BE54-9A1E7A4F7556}") = "Base.Services", "Base.Services\Base.Services.csproj", "{05D756D3-7E3D-4AAE-B232-0A5E8831AC1A}"
EndProject
Project("{9A19103F-16F7-4668-BE54-9A1E7A4F7556}") = "BankPaymentService.WebApi", "BankPaymentService.WebApi\BankPaymentService.WebApi.csproj", "{92E57E86-C418-4C80-948F-DDA294F60DF2}"
EndProject
Project("{9A19103F-16F7-4668-BE54-9A1E7A4F7556}") = "PayPalPaymentService.WebApi", "PayPalPaymentService.WebApi\PayPalPaymentService.WebApi.csproj", "{51FA3EC0-73C2-410F-81D0-1606A1AB4E7F}"
EndProject
Project("{9A19103F-16F7-4668-BE54-9A1E7A4F7556}") = "BitcoinPaymentService.WebApi", "BitcoinPaymentService.WebApi\BitcoinPaymentService.WebApi.csproj", "{BBDED3DC-16ED-46BA-88AA-4A34E589A263}"
EndProject
Project("{9A19103F-16F7-4668-BE54-9A1E7A4F7556}") = "Base.DTO", "Base.DTO\Base.DTO.csproj", "{0A68D029-1993-4904-A35D-62DEAB700B42}"
EndProject
Project("{9A19103F-16F7-4668-BE54-9A1E7A4F7556}") = "Bank1.WebApi", "Bank1.WebApi\Bank1.WebApi.csproj", "{59C803B1-A0FE-4067-8363-02A6950ED993}"
EndProject
Project("{9A19103F-16F7-4668-BE54-9A1E7A4F7556}") = "Bank1.Client", "Bank1.Client\Bank1.Client.csproj", "{7CABBD67-C055-4175-9A74-D432B0B6901B}"
EndProject
Project("{9A19103F-16F7-4668-BE54-9A1E7A4F7556}") = "Bank2.WebApi", "Bank2.WebApi\Bank2.WebApi.csproj", "{25285B1C-8CF0-4F53-A99B-BCE877DE43C6}"
EndProject
Project("{9A19103F-16F7-4668-BE54-9A1E7A4F7556}") = "Bank2.Client", "Bank2.Client\Bank2.Client.csproj", "{B33062B6-7CAF-4EB9-A384-9F379BDCCC31}"
EndProject
Project("{9A19103F-16F7-4668-BE54-9A1E7A4F7556}") = "PaymentCardCenter.WebApi", "PaymentCardCenter.WebApi\PaymentCardCenter.WebApi.csproj", "{415BADB3-9852-4E1E-8AE2-E7D06D266095}"
EndProject
Project("{FAE04EC0-301F-11D3-BF4B-00C04F79EFBC}") = "PSP.Client", "PSP.Client\PSP.Client.csproj", "{100FEE1F-072A-4351-BAF7-19E566EE235F}"
EndProject
Global
	GlobalSection(SolutionConfigurationPlatforms) = preSolution
		Debug|Any CPU = Debug|Any CPU
		Release|Any CPU = Release|Any CPU
	EndGlobalSection
	GlobalSection(ProjectConfigurationPlatforms) = postSolution
		{45F2924A-D906-44F7-877F-32794BEC29AF}.Debug|Any CPU.ActiveCfg = Debug|Any CPU
		{45F2924A-D906-44F7-877F-32794BEC29AF}.Debug|Any CPU.Build.0 = Debug|Any CPU
		{45F2924A-D906-44F7-877F-32794BEC29AF}.Release|Any CPU.ActiveCfg = Release|Any CPU
		{45F2924A-D906-44F7-877F-32794BEC29AF}.Release|Any CPU.Build.0 = Release|Any CPU
		{60F6CCB9-DB9B-40DF-8FB5-41CA9CA59E42}.Debug|Any CPU.ActiveCfg = Debug|Any CPU
		{60F6CCB9-DB9B-40DF-8FB5-41CA9CA59E42}.Debug|Any CPU.Build.0 = Debug|Any CPU
		{60F6CCB9-DB9B-40DF-8FB5-41CA9CA59E42}.Release|Any CPU.ActiveCfg = Release|Any CPU
		{60F6CCB9-DB9B-40DF-8FB5-41CA9CA59E42}.Release|Any CPU.Build.0 = Release|Any CPU
		{969F476F-BBDA-43D7-8B8A-39E2DDD36707}.Debug|Any CPU.ActiveCfg = Debug|Any CPU
		{969F476F-BBDA-43D7-8B8A-39E2DDD36707}.Debug|Any CPU.Build.0 = Debug|Any CPU
		{969F476F-BBDA-43D7-8B8A-39E2DDD36707}.Release|Any CPU.ActiveCfg = Release|Any CPU
		{969F476F-BBDA-43D7-8B8A-39E2DDD36707}.Release|Any CPU.Build.0 = Release|Any CPU
		{B9FB5F7B-E4A1-49A4-BDC5-AC37DB204058}.Debug|Any CPU.ActiveCfg = Debug|Any CPU
		{B9FB5F7B-E4A1-49A4-BDC5-AC37DB204058}.Debug|Any CPU.Build.0 = Debug|Any CPU
		{B9FB5F7B-E4A1-49A4-BDC5-AC37DB204058}.Release|Any CPU.ActiveCfg = Release|Any CPU
		{B9FB5F7B-E4A1-49A4-BDC5-AC37DB204058}.Release|Any CPU.Build.0 = Release|Any CPU
		{05D756D3-7E3D-4AAE-B232-0A5E8831AC1A}.Debug|Any CPU.ActiveCfg = Debug|Any CPU
		{05D756D3-7E3D-4AAE-B232-0A5E8831AC1A}.Debug|Any CPU.Build.0 = Debug|Any CPU
		{05D756D3-7E3D-4AAE-B232-0A5E8831AC1A}.Release|Any CPU.ActiveCfg = Release|Any CPU
		{05D756D3-7E3D-4AAE-B232-0A5E8831AC1A}.Release|Any CPU.Build.0 = Release|Any CPU
		{92E57E86-C418-4C80-948F-DDA294F60DF2}.Debug|Any CPU.ActiveCfg = Debug|Any CPU
		{92E57E86-C418-4C80-948F-DDA294F60DF2}.Debug|Any CPU.Build.0 = Debug|Any CPU
		{92E57E86-C418-4C80-948F-DDA294F60DF2}.Release|Any CPU.ActiveCfg = Release|Any CPU
		{92E57E86-C418-4C80-948F-DDA294F60DF2}.Release|Any CPU.Build.0 = Release|Any CPU
		{51FA3EC0-73C2-410F-81D0-1606A1AB4E7F}.Debug|Any CPU.ActiveCfg = Debug|Any CPU
		{51FA3EC0-73C2-410F-81D0-1606A1AB4E7F}.Debug|Any CPU.Build.0 = Debug|Any CPU
		{51FA3EC0-73C2-410F-81D0-1606A1AB4E7F}.Release|Any CPU.ActiveCfg = Release|Any CPU
		{51FA3EC0-73C2-410F-81D0-1606A1AB4E7F}.Release|Any CPU.Build.0 = Release|Any CPU
		{BBDED3DC-16ED-46BA-88AA-4A34E589A263}.Debug|Any CPU.ActiveCfg = Debug|Any CPU
		{BBDED3DC-16ED-46BA-88AA-4A34E589A263}.Debug|Any CPU.Build.0 = Debug|Any CPU
		{BBDED3DC-16ED-46BA-88AA-4A34E589A263}.Release|Any CPU.ActiveCfg = Release|Any CPU
		{BBDED3DC-16ED-46BA-88AA-4A34E589A263}.Release|Any CPU.Build.0 = Release|Any CPU
		{0A68D029-1993-4904-A35D-62DEAB700B42}.Debug|Any CPU.ActiveCfg = Debug|Any CPU
		{0A68D029-1993-4904-A35D-62DEAB700B42}.Debug|Any CPU.Build.0 = Debug|Any CPU
		{0A68D029-1993-4904-A35D-62DEAB700B42}.Release|Any CPU.ActiveCfg = Release|Any CPU
		{0A68D029-1993-4904-A35D-62DEAB700B42}.Release|Any CPU.Build.0 = Release|Any CPU
		{59C803B1-A0FE-4067-8363-02A6950ED993}.Debug|Any CPU.ActiveCfg = Debug|Any CPU
		{59C803B1-A0FE-4067-8363-02A6950ED993}.Debug|Any CPU.Build.0 = Debug|Any CPU
		{59C803B1-A0FE-4067-8363-02A6950ED993}.Release|Any CPU.ActiveCfg = Release|Any CPU
		{59C803B1-A0FE-4067-8363-02A6950ED993}.Release|Any CPU.Build.0 = Release|Any CPU
		{7CABBD67-C055-4175-9A74-D432B0B6901B}.Debug|Any CPU.ActiveCfg = Debug|Any CPU
		{7CABBD67-C055-4175-9A74-D432B0B6901B}.Debug|Any CPU.Build.0 = Debug|Any CPU
		{7CABBD67-C055-4175-9A74-D432B0B6901B}.Release|Any CPU.ActiveCfg = Release|Any CPU
		{7CABBD67-C055-4175-9A74-D432B0B6901B}.Release|Any CPU.Build.0 = Release|Any CPU
		{25285B1C-8CF0-4F53-A99B-BCE877DE43C6}.Debug|Any CPU.ActiveCfg = Debug|Any CPU
		{25285B1C-8CF0-4F53-A99B-BCE877DE43C6}.Debug|Any CPU.Build.0 = Debug|Any CPU
		{25285B1C-8CF0-4F53-A99B-BCE877DE43C6}.Release|Any CPU.ActiveCfg = Release|Any CPU
		{25285B1C-8CF0-4F53-A99B-BCE877DE43C6}.Release|Any CPU.Build.0 = Release|Any CPU
		{B33062B6-7CAF-4EB9-A384-9F379BDCCC31}.Debug|Any CPU.ActiveCfg = Debug|Any CPU
		{B33062B6-7CAF-4EB9-A384-9F379BDCCC31}.Debug|Any CPU.Build.0 = Debug|Any CPU
		{B33062B6-7CAF-4EB9-A384-9F379BDCCC31}.Release|Any CPU.ActiveCfg = Release|Any CPU
		{B33062B6-7CAF-4EB9-A384-9F379BDCCC31}.Release|Any CPU.Build.0 = Release|Any CPU
		{415BADB3-9852-4E1E-8AE2-E7D06D266095}.Debug|Any CPU.ActiveCfg = Debug|Any CPU
		{415BADB3-9852-4E1E-8AE2-E7D06D266095}.Debug|Any CPU.Build.0 = Debug|Any CPU
		{415BADB3-9852-4E1E-8AE2-E7D06D266095}.Release|Any CPU.ActiveCfg = Release|Any CPU
		{415BADB3-9852-4E1E-8AE2-E7D06D266095}.Release|Any CPU.Build.0 = Release|Any CPU
		{100FEE1F-072A-4351-BAF7-19E566EE235F}.Debug|Any CPU.ActiveCfg = Debug|Any CPU
		{100FEE1F-072A-4351-BAF7-19E566EE235F}.Debug|Any CPU.Build.0 = Debug|Any CPU
		{100FEE1F-072A-4351-BAF7-19E566EE235F}.Release|Any CPU.ActiveCfg = Release|Any CPU
		{100FEE1F-072A-4351-BAF7-19E566EE235F}.Release|Any CPU.Build.0 = Release|Any CPU
	EndGlobalSection
	GlobalSection(SolutionProperties) = preSolution
		HideSolutionNode = FALSE
	EndGlobalSection
	GlobalSection(ExtensibilityGlobals) = postSolution
		SolutionGuid = {91501C87-D1CC-44DE-BD74-9C38D314B03A}
	EndGlobalSection
EndGlobal
